
Microsoft Visual Studio Solution File, Format Version 12.00
# Visual Studio Version 17
VisualStudioVersion = 17.0.31903.59
MinimumVisualStudioVersion = 10.0.40219.1
Project("{2150E333-8FDC-42A3-9474-1A3956D46DE8}") = "src", "src", "{827E0CD3-B72D-47B6-A68D-7590B98EB39B}"
EndProject
Project("{FAE04EC0-301F-11D3-BF4B-00C04F79EFBC}") = "CodeGauge.CLI", "src\CodeGauge.CLI\CodeGauge.CLI.csproj", "{96D02B6E-D3DF-4C6B-8279-38C3ADAD73D1}"
EndProject
Project("{FAE04EC0-301F-11D3-BF4B-00C04F79EFBC}") = "CodeGauge.Core", "src\CodeGauge.Core\CodeGauge.Core.csproj", "{29D7B5AA-1E43-4BDE-8CBB-878D2911702C}"
EndProject
Project("{FAE04EC0-301F-11D3-BF4B-00C04F79EFBC}") = "CodeGauge.CSharp", "src\CodeGauge.CSharp\CodeGauge.CSharp.csproj", "{DB179970-9881-4896-B6FC-48F7B41D5F66}"
EndProject
Project("{FAE04EC0-301F-11D3-BF4B-00C04F79EFBC}") = "CodeGauge.Report", "src\CodeGauge.Report\CodeGauge.Report.csproj", "{924912B2-4108-41AB-B404-E860DACCF608}"
EndProject
Project("{FAE04EC0-301F-11D3-BF4B-00C04F79EFBC}") = "CodeGauge.Web", "src\CodeGauge.Web\CodeGauge.Web.csproj", "{497CBDE3-5D45-4141-9D42-7CB780661D72}"
EndProject
Global
	GlobalSection(SolutionConfigurationPlatforms) = preSolution
		Debug|Any CPU = Debug|Any CPU
		Debug|x64 = Debug|x64
		Debug|x86 = Debug|x86
		Release|Any CPU = Release|Any CPU
		Release|x64 = Release|x64
		Release|x86 = Release|x86
	EndGlobalSection
	GlobalSection(ProjectConfigurationPlatforms) = postSolution
		{96D02B6E-D3DF-4C6B-8279-38C3ADAD73D1}.Debug|Any CPU.ActiveCfg = Debug|Any CPU
		{96D02B6E-D3DF-4C6B-8279-38C3ADAD73D1}.Debug|Any CPU.Build.0 = Debug|Any CPU
		{96D02B6E-D3DF-4C6B-8279-38C3ADAD73D1}.Debug|x64.ActiveCfg = Debug|Any CPU
		{96D02B6E-D3DF-4C6B-8279-38C3ADAD73D1}.Debug|x64.Build.0 = Debug|Any CPU
		{96D02B6E-D3DF-4C6B-8279-38C3ADAD73D1}.Debug|x86.ActiveCfg = Debug|Any CPU
		{96D02B6E-D3DF-4C6B-8279-38C3ADAD73D1}.Debug|x86.Build.0 = Debug|Any CPU
		{96D02B6E-D3DF-4C6B-8279-38C3ADAD73D1}.Release|Any CPU.ActiveCfg = Release|Any CPU
		{96D02B6E-D3DF-4C6B-8279-38C3ADAD73D1}.Release|Any CPU.Build.0 = Release|Any CPU
		{96D02B6E-D3DF-4C6B-8279-38C3ADAD73D1}.Release|x64.ActiveCfg = Release|Any CPU
		{96D02B6E-D3DF-4C6B-8279-38C3ADAD73D1}.Release|x64.Build.0 = Release|Any CPU
		{96D02B6E-D3DF-4C6B-8279-38C3ADAD73D1}.Release|x86.ActiveCfg = Release|Any CPU
		{96D02B6E-D3DF-4C6B-8279-38C3ADAD73D1}.Release|x86.Build.0 = Release|Any CPU
		{29D7B5AA-1E43-4BDE-8CBB-878D2911702C}.Debug|Any CPU.ActiveCfg = Debug|Any CPU
		{29D7B5AA-1E43-4BDE-8CBB-878D2911702C}.Debug|Any CPU.Build.0 = Debug|Any CPU
		{29D7B5AA-1E43-4BDE-8CBB-878D2911702C}.Debug|x64.ActiveCfg = Debug|Any CPU
		{29D7B5AA-1E43-4BDE-8CBB-878D2911702C}.Debug|x64.Build.0 = Debug|Any CPU
		{29D7B5AA-1E43-4BDE-8CBB-878D2911702C}.Debug|x86.ActiveCfg = Debug|Any CPU
		{29D7B5AA-1E43-4BDE-8CBB-878D2911702C}.Debug|x86.Build.0 = Debug|Any CPU
		{29D7B5AA-1E43-4BDE-8CBB-878D2911702C}.Release|Any CPU.ActiveCfg = Release|Any CPU
		{29D7B5AA-1E43-4BDE-8CBB-878D2911702C}.Release|Any CPU.Build.0 = Release|Any CPU
		{29D7B5AA-1E43-4BDE-8CBB-878D2911702C}.Release|x64.ActiveCfg = Release|Any CPU
		{29D7B5AA-1E43-4BDE-8CBB-878D2911702C}.Release|x64.Build.0 = Release|Any CPU
		{29D7B5AA-1E43-4BDE-8CBB-878D2911702C}.Release|x86.ActiveCfg = Release|Any CPU
		{29D7B5AA-1E43-4BDE-8CBB-878D2911702C}.Release|x86.Build.0 = Release|Any CPU
		{DB179970-9881-4896-B6FC-48F7B41D5F66}.Debug|Any CPU.ActiveCfg = Debug|Any CPU
		{DB179970-9881-4896-B6FC-48F7B41D5F66}.Debug|Any CPU.Build.0 = Debug|Any CPU
		{DB179970-9881-4896-B6FC-48F7B41D5F66}.Debug|x64.ActiveCfg = Debug|Any CPU
		{DB179970-9881-4896-B6FC-48F7B41D5F66}.Debug|x64.Build.0 = Debug|Any CPU
		{DB179970-9881-4896-B6FC-48F7B41D5F66}.Debug|x86.ActiveCfg = Debug|Any CPU
		{DB179970-9881-4896-B6FC-48F7B41D5F66}.Debug|x86.Build.0 = Debug|Any CPU
		{DB179970-9881-4896-B6FC-48F7B41D5F66}.Release|Any CPU.ActiveCfg = Release|Any CPU
		{DB179970-9881-4896-B6FC-48F7B41D5F66}.Release|Any CPU.Build.0 = Release|Any CPU
		{DB179970-9881-4896-B6FC-48F7B41D5F66}.Release|x64.ActiveCfg = Release|Any CPU
		{DB179970-9881-4896-B6FC-48F7B41D5F66}.Release|x64.Build.0 = Release|Any CPU
		{DB179970-9881-4896-B6FC-48F7B41D5F66}.Release|x86.ActiveCfg = Release|Any CPU
		{DB179970-9881-4896-B6FC-48F7B41D5F66}.Release|x86.Build.0 = Release|Any CPU
		{924912B2-4108-41AB-B404-E860DACCF608}.Debug|Any CPU.ActiveCfg = Debug|Any CPU
		{924912B2-4108-41AB-B404-E860DACCF608}.Debug|Any CPU.Build.0 = Debug|Any CPU
		{924912B2-4108-41AB-B404-E860DACCF608}.Debug|x64.ActiveCfg = Debug|Any CPU
		{924912B2-4108-41AB-B404-E860DACCF608}.Debug|x64.Build.0 = Debug|Any CPU
		{924912B2-4108-41AB-B404-E860DACCF608}.Debug|x86.ActiveCfg = Debug|Any CPU
		{924912B2-4108-41AB-B404-E860DACCF608}.Debug|x86.Build.0 = Debug|Any CPU
		{924912B2-4108-41AB-B404-E860DACCF608}.Release|Any CPU.ActiveCfg = Release|Any CPU
		{924912B2-4108-41AB-B404-E860DACCF608}.Release|Any CPU.Build.0 = Release|Any CPU
		{924912B2-4108-41AB-B404-E860DACCF608}.Release|x64.ActiveCfg = Release|Any CPU
		{924912B2-4108-41AB-B404-E860DACCF608}.Release|x64.Build.0 = Release|Any CPU
		{924912B2-4108-41AB-B404-E860DACCF608}.Release|x86.ActiveCfg = Release|Any CPU
		{924912B2-4108-41AB-B404-E860DACCF608}.Release|x86.Build.0 = Release|Any CPU
		{497CBDE3-5D45-4141-9D42-7CB780661D72}.Debug|Any CPU.ActiveCfg = Debug|Any CPU
		{497CBDE3-5D45-4141-9D42-7CB780661D72}.Debug|Any CPU.Build.0 = Debug|Any CPU
		{497CBDE3-5D45-4141-9D42-7CB780661D72}.Debug|x64.ActiveCfg = Debug|Any CPU
		{497CBDE3-5D45-4141-9D42-7CB780661D72}.Debug|x64.Build.0 = Debug|Any CPU
		{497CBDE3-5D45-4141-9D42-7CB780661D72}.Debug|x86.ActiveCfg = Debug|Any CPU
		{497CBDE3-5D45-4141-9D42-7CB780661D72}.Debug|x86.Build.0 = Debug|Any CPU
		{497CBDE3-5D45-4141-9D42-7CB780661D72}.Release|Any CPU.ActiveCfg = Release|Any CPU
		{497CBDE3-5D45-4141-9D42-7CB780661D72}.Release|Any CPU.Build.0 = Release|Any CPU
		{497CBDE3-5D45-4141-9D42-7CB780661D72}.Release|x64.ActiveCfg = Release|Any CPU
		{497CBDE3-5D45-4141-9D42-7CB780661D72}.Release|x64.Build.0 = Release|Any CPU
		{497CBDE3-5D45-4141-9D42-7CB780661D72}.Release|x86.ActiveCfg = Release|Any CPU
		{497CBDE3-5D45-4141-9D42-7CB780661D72}.Release|x86.Build.0 = Release|Any CPU
	EndGlobalSection
	GlobalSection(SolutionProperties) = preSolution
		HideSolutionNode = FALSE
	EndGlobalSection
	GlobalSection(NestedProjects) = preSolution
		{96D02B6E-D3DF-4C6B-8279-38C3ADAD73D1} = {827E0CD3-B72D-47B6-A68D-7590B98EB39B}
		{29D7B5AA-1E43-4BDE-8CBB-878D2911702C} = {827E0CD3-B72D-47B6-A68D-7590B98EB39B}
		{DB179970-9881-4896-B6FC-48F7B41D5F66} = {827E0CD3-B72D-47B6-A68D-7590B98EB39B}
		{924912B2-4108-41AB-B404-E860DACCF608} = {827E0CD3-B72D-47B6-A68D-7590B98EB39B}
		{497CBDE3-5D45-4141-9D42-7CB780661D72} = {827E0CD3-B72D-47B6-A68D-7590B98EB39B}
	EndGlobalSection
EndGlobal
